
Microsoft Visual Studio Solution File, Format Version 12.00
# Visual Studio Version 16
VisualStudioVersion = 16.0.31402.337
MinimumVisualStudioVersion = 10.0.40219.1
Project("{FAE04EC0-301F-11D3-BF4B-00C04F79EFBC}") = "TranMinhTu_BIgSchool", "TranMinhTu_BIgSchool\TranMinhTu_BIgSchool.csproj", "{29F13607-51A1-44E1-A615-CA45DC369261}"
EndProject
Global
	GlobalSection(SolutionConfigurationPlatforms) = preSolution
		Debug|Any CPU = Debug|Any CPU
		Release|Any CPU = Release|Any CPU
	EndGlobalSection
	GlobalSection(ProjectConfigurationPlatforms) = postSolution
		{29F13607-51A1-44E1-A615-CA45DC369261}.Debug|Any CPU.ActiveCfg = Debug|Any CPU
		{29F13607-51A1-44E1-A615-CA45DC369261}.Debug|Any CPU.Build.0 = Debug|Any CPU
		{29F13607-51A1-44E1-A615-CA45DC369261}.Release|Any CPU.ActiveCfg = Release|Any CPU
		{29F13607-51A1-44E1-A615-CA45DC369261}.Release|Any CPU.Build.0 = Release|Any CPU
	EndGlobalSection
	GlobalSection(SolutionProperties) = preSolution
		HideSolutionNode = FALSE
	EndGlobalSection
	GlobalSection(ExtensibilityGlobals) = postSolution
		SolutionGuid = {E29243AB-F7C8-4BBE-A452-615A4AFC7579}
	EndGlobalSection
EndGlobal
